
Microsoft Visual Studio Solution File, Format Version 12.00
# Visual Studio Version 16
VisualStudioVersion = 16.0.29025.244
MinimumVisualStudioVersion = 10.0.40219.1
Project("{FAE04EC0-301F-11D3-BF4B-00C04F79EFBC}") = "AlumnosDB", "AlumnosDB\AlumnosDB.csproj", "{0FB6CEF5-D64B-4C27-A92F-88D354AA0D09}"
EndProject
Global
	GlobalSection(SolutionConfigurationPlatforms) = preSolution
		Debug|Any CPU = Debug|Any CPU
		Release|Any CPU = Release|Any CPU
	EndGlobalSection
	GlobalSection(ProjectConfigurationPlatforms) = postSolution
		{0FB6CEF5-D64B-4C27-A92F-88D354AA0D09}.Debug|Any CPU.ActiveCfg = Debug|Any CPU
		{0FB6CEF5-D64B-4C27-A92F-88D354AA0D09}.Debug|Any CPU.Build.0 = Debug|Any CPU
		{0FB6CEF5-D64B-4C27-A92F-88D354AA0D09}.Release|Any CPU.ActiveCfg = Release|Any CPU
		{0FB6CEF5-D64B-4C27-A92F-88D354AA0D09}.Release|Any CPU.Build.0 = Release|Any CPU
	EndGlobalSection
	GlobalSection(SolutionProperties) = preSolution
		HideSolutionNode = FALSE
	EndGlobalSection
	GlobalSection(ExtensibilityGlobals) = postSolution
		SolutionGuid = {52C5CD5C-DA0D-429A-977C-8ADF361ECCB9}
	EndGlobalSection
EndGlobal
